{
  "requires": true,
  "lockfileVersion": 1,
  "dependencies": {
    "adaptivecards-templating": {
      "version": "2.1.0",
      "resolved": "https://registry.npmjs.org/adaptivecards-templating/-/adaptivecards-templating-2.1.0.tgz",
      "integrity": "sha512-XrO6PlGHT3Tfi8hlCYmholiwKUMOR5t/Y4pFqtNVKXJn5HUdE9A4LdZMhg9tnwjXqJ51t1XVHGm9nOLEDVICPg=="
    }
  }
}
